
Microsoft Visual Studio Solution File, Format Version 12.00
# Visual Studio Version 17
VisualStudioVersion = 17.13.35931.197 d17.13
MinimumVisualStudioVersion = 10.0.40219.1
Project("{FAE04EC0-301F-11D3-BF4B-00C04F79EFBC}") = "WinOpsToolkit", "WinOpsToolkit.csproj", "{AA890DE8-21B1-4337-895F-6CD137D4C951}"
EndProject
Global
	GlobalSection(SolutionConfigurationPlatforms) = preSolution
		Debug|Any CPU = Debug|Any CPU
		Release|Any CPU = Release|Any CPU
	EndGlobalSection
	GlobalSection(ProjectConfigurationPlatforms) = postSolution
		{AA890DE8-21B1-4337-895F-6CD137D4C951}.Debug|Any CPU.ActiveCfg = Debug|Any CPU
		{AA890DE8-21B1-4337-895F-6CD137D4C951}.Debug|Any CPU.Build.0 = Debug|Any CPU
		{AA890DE8-21B1-4337-895F-6CD137D4C951}.Release|Any CPU.ActiveCfg = Release|Any CPU
		{AA890DE8-21B1-4337-895F-6CD137D4C951}.Release|Any CPU.Build.0 = Release|Any CPU
	EndGlobalSection
	GlobalSection(SolutionProperties) = preSolution
		HideSolutionNode = FALSE
	EndGlobalSection
	GlobalSection(ExtensibilityGlobals) = postSolution
		SolutionGuid = {8A481BF4-EDB4-46C6-A285-D5953A4F7853}
	EndGlobalSection
EndGlobal
